
Microsoft Visual Studio Solution File, Format Version 12.00
# Visual Studio Version 17
VisualStudioVersion = 17.12.35209.166
MinimumVisualStudioVersion = 10.0.40219.1
Project("{FAE04EC0-301F-11D3-BF4B-00C04F79EFBC}") = "OrderSystem.PaymentService", "OrderSystem.PaymentService\OrderSystem.PaymentService.csproj", "{CF673984-77C1-4A93-AD56-3F0B3E294E57}"
EndProject
Project("{FAE04EC0-301F-11D3-BF4B-00C04F79EFBC}") = "OrderSystem.OrderService", "OrderSystem.OrderService\OrderSystem.OrderService.csproj", "{5CAA1FA4-C662-45FE-B4F9-B09CE6255977}"
EndProject
Project("{FAE04EC0-301F-11D3-BF4B-00C04F79EFBC}") = "OrderSystem.WarehouseService", "OrderSystem.WarehouseService\OrderSystem.WarehouseService.csproj", "{0D807C49-9458-4027-8370-4EA27C2CD79B}"
EndProject
Project("{FAE04EC0-301F-11D3-BF4B-00C04F79EFBC}") = "OrderSystem.Shared", "OrderSystem.Shared\OrderSystem.Shared.csproj", "{30A0DFB3-5C08-4310-951A-FB5B307B89BD}"
EndProject
Global
	GlobalSection(SolutionConfigurationPlatforms) = preSolution
		Debug|Any CPU = Debug|Any CPU
		Release|Any CPU = Release|Any CPU
	EndGlobalSection
	GlobalSection(ProjectConfigurationPlatforms) = postSolution
		{CF673984-77C1-4A93-AD56-3F0B3E294E57}.Debug|Any CPU.ActiveCfg = Debug|Any CPU
		{CF673984-77C1-4A93-AD56-3F0B3E294E57}.Debug|Any CPU.Build.0 = Debug|Any CPU
		{CF673984-77C1-4A93-AD56-3F0B3E294E57}.Release|Any CPU.ActiveCfg = Release|Any CPU
		{CF673984-77C1-4A93-AD56-3F0B3E294E57}.Release|Any CPU.Build.0 = Release|Any CPU
		{5CAA1FA4-C662-45FE-B4F9-B09CE6255977}.Debug|Any CPU.ActiveCfg = Debug|Any CPU
		{5CAA1FA4-C662-45FE-B4F9-B09CE6255977}.Debug|Any CPU.Build.0 = Debug|Any CPU
		{5CAA1FA4-C662-45FE-B4F9-B09CE6255977}.Release|Any CPU.ActiveCfg = Release|Any CPU
		{5CAA1FA4-C662-45FE-B4F9-B09CE6255977}.Release|Any CPU.Build.0 = Release|Any CPU
		{0D807C49-9458-4027-8370-4EA27C2CD79B}.Debug|Any CPU.ActiveCfg = Debug|Any CPU
		{0D807C49-9458-4027-8370-4EA27C2CD79B}.Debug|Any CPU.Build.0 = Debug|Any CPU
		{0D807C49-9458-4027-8370-4EA27C2CD79B}.Release|Any CPU.ActiveCfg = Release|Any CPU
		{0D807C49-9458-4027-8370-4EA27C2CD79B}.Release|Any CPU.Build.0 = Release|Any CPU
		{30A0DFB3-5C08-4310-951A-FB5B307B89BD}.Debug|Any CPU.ActiveCfg = Debug|Any CPU
		{30A0DFB3-5C08-4310-951A-FB5B307B89BD}.Debug|Any CPU.Build.0 = Debug|Any CPU
		{30A0DFB3-5C08-4310-951A-FB5B307B89BD}.Release|Any CPU.ActiveCfg = Release|Any CPU
		{30A0DFB3-5C08-4310-951A-FB5B307B89BD}.Release|Any CPU.Build.0 = Release|Any CPU
	EndGlobalSection
	GlobalSection(SolutionProperties) = preSolution
		HideSolutionNode = FALSE
	EndGlobalSection
	GlobalSection(ExtensibilityGlobals) = postSolution
		SolutionGuid = {0994018F-7AC4-43A0-90EE-B466178515DD}
	EndGlobalSection
EndGlobal
